
Microsoft Visual Studio Solution File, Format Version 12.00
# Visual Studio Version 17
VisualStudioVersion = 17.1.32414.318
MinimumVisualStudioVersion = 10.0.40219.1
Project("{8BC9CEB8-8B4A-11D0-8D11-00A0C91BC942}") = "Пятнаха", "Пятнаха.vcxproj", "{9E9168B5-FED7-4417-9ADB-9F5928CEDF97}"
EndProject
Project("{8BC9CEB8-8B4A-11D0-8D11-00A0C91BC942}") = "тесты", "..\тесты\тесты.vcxproj", "{C1BF2824-F004-41D2-8242-3E3DC7BAAF01}"
EndProject
Global
	GlobalSection(SolutionConfigurationPlatforms) = preSolution
		Debug|x64 = Debug|x64
		Debug|x86 = Debug|x86
		Release|x64 = Release|x64
		Release|x86 = Release|x86
	EndGlobalSection
	GlobalSection(ProjectConfigurationPlatforms) = postSolution
		{9E9168B5-FED7-4417-9ADB-9F5928CEDF97}.Debug|x64.ActiveCfg = Debug|x64
		{9E9168B5-FED7-4417-9ADB-9F5928CEDF97}.Debug|x64.Build.0 = Debug|x64
		{9E9168B5-FED7-4417-9ADB-9F5928CEDF97}.Debug|x86.ActiveCfg = Debug|Win32
		{9E9168B5-FED7-4417-9ADB-9F5928CEDF97}.Debug|x86.Build.0 = Debug|Win32
		{9E9168B5-FED7-4417-9ADB-9F5928CEDF97}.Release|x64.ActiveCfg = Release|x64
		{9E9168B5-FED7-4417-9ADB-9F5928CEDF97}.Release|x64.Build.0 = Release|x64
		{9E9168B5-FED7-4417-9ADB-9F5928CEDF97}.Release|x86.ActiveCfg = Release|Win32
		{9E9168B5-FED7-4417-9ADB-9F5928CEDF97}.Release|x86.Build.0 = Release|Win32
		{C1BF2824-F004-41D2-8242-3E3DC7BAAF01}.Debug|x64.ActiveCfg = Debug|x64
		{C1BF2824-F004-41D2-8242-3E3DC7BAAF01}.Debug|x64.Build.0 = Debug|x64
		{C1BF2824-F004-41D2-8242-3E3DC7BAAF01}.Debug|x86.ActiveCfg = Debug|Win32
		{C1BF2824-F004-41D2-8242-3E3DC7BAAF01}.Debug|x86.Build.0 = Debug|Win32
		{C1BF2824-F004-41D2-8242-3E3DC7BAAF01}.Release|x64.ActiveCfg = Release|x64
		{C1BF2824-F004-41D2-8242-3E3DC7BAAF01}.Release|x64.Build.0 = Release|x64
		{C1BF2824-F004-41D2-8242-3E3DC7BAAF01}.Release|x86.ActiveCfg = Release|Win32
		{C1BF2824-F004-41D2-8242-3E3DC7BAAF01}.Release|x86.Build.0 = Release|Win32
	EndGlobalSection
	GlobalSection(SolutionProperties) = preSolution
		HideSolutionNode = FALSE
	EndGlobalSection
	GlobalSection(ExtensibilityGlobals) = postSolution
		SolutionGuid = {6822B0F3-35B0-4D0C-9F1F-80F2EBCA568E}
	EndGlobalSection
EndGlobal
