
Microsoft Visual Studio Solution File, Format Version 12.00
# Visual Studio Version 17
VisualStudioVersion = 17.5.33502.453
MinimumVisualStudioVersion = 10.0.40219.1
Project("{FAE04EC0-301F-11D3-BF4B-00C04F79EFBC}") = "искатель запрещёнки txt", "искатель запрещёнки txt\искатель запрещёнки txt.csproj", "{35F7ABC6-7FE8-4C06-B2F4-A094F0686DEC}"
EndProject
Project("{FAE04EC0-301F-11D3-BF4B-00C04F79EFBC}") = "SeekerOfForbidden", "SeekerOfForbidden\SeekerOfForbidden.csproj", "{7B9CCABE-264F-4969-8051-DB1889415A8D}"
EndProject
Project("{FAE04EC0-301F-11D3-BF4B-00C04F79EFBC}") = "seeker of forbidden cmd", "seeker of forbidden cmd\seeker of forbidden cmd.csproj", "{1F3542CB-60A1-4A2B-B6E3-8697BC9E6A57}"
EndProject
Project("{2150E333-8FDC-42A3-9474-1A3956D46DE8}") = "Solution Items", "Solution Items", "{A9B8D812-B65E-4883-B46F-AB52EA2DAE39}"
	ProjectSection(SolutionItems) = preProject
		.editorconfig = .editorconfig
	EndProjectSection
EndProject
Project("{FAE04EC0-301F-11D3-BF4B-00C04F79EFBC}") = "seeker of forbiden Window", "seeker of forbiden Window\seeker of forbiden Window.csproj", "{1154FF03-8E3D-4763-AEC1-6BE707FB021E}"
EndProject
Global
	GlobalSection(SolutionConfigurationPlatforms) = preSolution
		Debug|Any CPU = Debug|Any CPU
		Release|Any CPU = Release|Any CPU
	EndGlobalSection
	GlobalSection(ProjectConfigurationPlatforms) = postSolution
		{35F7ABC6-7FE8-4C06-B2F4-A094F0686DEC}.Debug|Any CPU.ActiveCfg = Debug|Any CPU
		{35F7ABC6-7FE8-4C06-B2F4-A094F0686DEC}.Debug|Any CPU.Build.0 = Debug|Any CPU
		{35F7ABC6-7FE8-4C06-B2F4-A094F0686DEC}.Release|Any CPU.ActiveCfg = Release|Any CPU
		{35F7ABC6-7FE8-4C06-B2F4-A094F0686DEC}.Release|Any CPU.Build.0 = Release|Any CPU
		{7B9CCABE-264F-4969-8051-DB1889415A8D}.Debug|Any CPU.ActiveCfg = Debug|Any CPU
		{7B9CCABE-264F-4969-8051-DB1889415A8D}.Debug|Any CPU.Build.0 = Debug|Any CPU
		{7B9CCABE-264F-4969-8051-DB1889415A8D}.Release|Any CPU.ActiveCfg = Release|Any CPU
		{7B9CCABE-264F-4969-8051-DB1889415A8D}.Release|Any CPU.Build.0 = Release|Any CPU
		{1F3542CB-60A1-4A2B-B6E3-8697BC9E6A57}.Debug|Any CPU.ActiveCfg = Debug|Any CPU
		{1F3542CB-60A1-4A2B-B6E3-8697BC9E6A57}.Debug|Any CPU.Build.0 = Debug|Any CPU
		{1F3542CB-60A1-4A2B-B6E3-8697BC9E6A57}.Release|Any CPU.ActiveCfg = Release|Any CPU
		{1F3542CB-60A1-4A2B-B6E3-8697BC9E6A57}.Release|Any CPU.Build.0 = Release|Any CPU
		{1154FF03-8E3D-4763-AEC1-6BE707FB021E}.Debug|Any CPU.ActiveCfg = Debug|Any CPU
		{1154FF03-8E3D-4763-AEC1-6BE707FB021E}.Debug|Any CPU.Build.0 = Debug|Any CPU
		{1154FF03-8E3D-4763-AEC1-6BE707FB021E}.Release|Any CPU.ActiveCfg = Release|Any CPU
		{1154FF03-8E3D-4763-AEC1-6BE707FB021E}.Release|Any CPU.Build.0 = Release|Any CPU
	EndGlobalSection
	GlobalSection(SolutionProperties) = preSolution
		HideSolutionNode = FALSE
	EndGlobalSection
	GlobalSection(ExtensibilityGlobals) = postSolution
		SolutionGuid = {C88EE52B-9DE7-46A1-8B16-8B8BE5FA3BEB}
	EndGlobalSection
EndGlobal
